
Microsoft Visual Studio Solution File, Format Version 12.00
# Visual Studio Version 17
VisualStudioVersion = 17.4.33213.308
MinimumVisualStudioVersion = 10.0.40219.1
Project("{FAE04EC0-301F-11D3-BF4B-00C04F79EFBC}") = "Practical Lesson №5", "Practical Lesson №5.csproj", "{0713DBC0-67E6-4033-B18E-7F54F2A21082}"
EndProject
Global
	GlobalSection(SolutionConfigurationPlatforms) = preSolution
		Debug|Any CPU = Debug|Any CPU
		Release|Any CPU = Release|Any CPU
	EndGlobalSection
	GlobalSection(ProjectConfigurationPlatforms) = postSolution
		{0713DBC0-67E6-4033-B18E-7F54F2A21082}.Debug|Any CPU.ActiveCfg = Debug|Any CPU
		{0713DBC0-67E6-4033-B18E-7F54F2A21082}.Debug|Any CPU.Build.0 = Debug|Any CPU
		{0713DBC0-67E6-4033-B18E-7F54F2A21082}.Release|Any CPU.ActiveCfg = Release|Any CPU
		{0713DBC0-67E6-4033-B18E-7F54F2A21082}.Release|Any CPU.Build.0 = Release|Any CPU
	EndGlobalSection
	GlobalSection(SolutionProperties) = preSolution
		HideSolutionNode = FALSE
	EndGlobalSection
	GlobalSection(ExtensibilityGlobals) = postSolution
		SolutionGuid = {203659D1-3501-4118-BA4F-1F2379CCBD90}
	EndGlobalSection
EndGlobal
